
Microsoft Visual Studio Solution File, Format Version 12.00
# Visual Studio Version 17
VisualStudioVersion = 17.14.36203.30
MinimumVisualStudioVersion = 10.0.40219.1
Project("{FAE04EC0-301F-11D3-BF4B-00C04F79EFBC}") = "Level2Project", "Level2Project\Level2Project.csproj", "{6292F2D7-D4AF-47E6-8308-6BE5B234042C}"
EndProject
Project("{FAE04EC0-301F-11D3-BF4B-00C04F79EFBC}") = "Domains", "Doamins\Domains.csproj", "{7A6142AB-A78F-4D11-852F-0FA0E3E15FE1}"
EndProject
Project("{FAE04EC0-301F-11D3-BF4B-00C04F79EFBC}") = "Services", "Services\Services.csproj", "{7078A59C-52B8-4E22-A46D-5A744E6CFDBA}"
EndProject
Project("{FAE04EC0-301F-11D3-BF4B-00C04F79EFBC}") = "Infrastructure", "Infrastructure\Infrastructure.csproj", "{CE030F68-7950-4241-842E-5605E3B8B346}"
EndProject
Global
	GlobalSection(SolutionConfigurationPlatforms) = preSolution
		Debug|Any CPU = Debug|Any CPU
		Release|Any CPU = Release|Any CPU
	EndGlobalSection
	GlobalSection(ProjectConfigurationPlatforms) = postSolution
		{6292F2D7-D4AF-47E6-8308-6BE5B234042C}.Debug|Any CPU.ActiveCfg = Debug|Any CPU
		{6292F2D7-D4AF-47E6-8308-6BE5B234042C}.Debug|Any CPU.Build.0 = Debug|Any CPU
		{6292F2D7-D4AF-47E6-8308-6BE5B234042C}.Release|Any CPU.ActiveCfg = Release|Any CPU
		{6292F2D7-D4AF-47E6-8308-6BE5B234042C}.Release|Any CPU.Build.0 = Release|Any CPU
		{7A6142AB-A78F-4D11-852F-0FA0E3E15FE1}.Debug|Any CPU.ActiveCfg = Debug|Any CPU
		{7A6142AB-A78F-4D11-852F-0FA0E3E15FE1}.Debug|Any CPU.Build.0 = Debug|Any CPU
		{7A6142AB-A78F-4D11-852F-0FA0E3E15FE1}.Release|Any CPU.ActiveCfg = Release|Any CPU
		{7A6142AB-A78F-4D11-852F-0FA0E3E15FE1}.Release|Any CPU.Build.0 = Release|Any CPU
		{7078A59C-52B8-4E22-A46D-5A744E6CFDBA}.Debug|Any CPU.ActiveCfg = Debug|Any CPU
		{7078A59C-52B8-4E22-A46D-5A744E6CFDBA}.Debug|Any CPU.Build.0 = Debug|Any CPU
		{7078A59C-52B8-4E22-A46D-5A744E6CFDBA}.Release|Any CPU.ActiveCfg = Release|Any CPU
		{7078A59C-52B8-4E22-A46D-5A744E6CFDBA}.Release|Any CPU.Build.0 = Release|Any CPU
		{CE030F68-7950-4241-842E-5605E3B8B346}.Debug|Any CPU.ActiveCfg = Debug|Any CPU
		{CE030F68-7950-4241-842E-5605E3B8B346}.Debug|Any CPU.Build.0 = Debug|Any CPU
		{CE030F68-7950-4241-842E-5605E3B8B346}.Release|Any CPU.ActiveCfg = Release|Any CPU
		{CE030F68-7950-4241-842E-5605E3B8B346}.Release|Any CPU.Build.0 = Release|Any CPU
	EndGlobalSection
	GlobalSection(SolutionProperties) = preSolution
		HideSolutionNode = FALSE
	EndGlobalSection
	GlobalSection(ExtensibilityGlobals) = postSolution
		SolutionGuid = {310A002D-07F0-4A02-9D65-495F0A998203}
	EndGlobalSection
EndGlobal
